
Microsoft Visual Studio Solution File, Format Version 12.00
# Visual Studio Version 17
VisualStudioVersion = 17.0.31903.59
MinimumVisualStudioVersion = 10.0.40219.1
Project("{FAE04EC0-301F-11D3-BF4B-00C04F79EFBC}") = "API", "API\API.csproj", "{AD1C3E6F-9EBB-4A20-9F43-022C4F6FDCDF}"
EndProject
Project("{FAE04EC0-301F-11D3-BF4B-00C04F79EFBC}") = "Application", "Application\Application.csproj", "{9AB771B7-F45E-4A8A-ADDC-076A1C6A7E22}"
EndProject
Project("{FAE04EC0-301F-11D3-BF4B-00C04F79EFBC}") = "Domain", "Domain\Domain.csproj", "{0C423EA2-D56F-40B7-9DE6-117D437E9B5E}"
EndProject
Project("{FAE04EC0-301F-11D3-BF4B-00C04F79EFBC}") = "Persistence", "Persistence\Persistence.csproj", "{C7643EED-F5FC-45A5-A030-9D91780B01C1}"
EndProject
Global
	GlobalSection(SolutionConfigurationPlatforms) = preSolution
		Debug|Any CPU = Debug|Any CPU
		Release|Any CPU = Release|Any CPU
	EndGlobalSection
	GlobalSection(SolutionProperties) = preSolution
		HideSolutionNode = FALSE
	EndGlobalSection
	GlobalSection(ProjectConfigurationPlatforms) = postSolution
		{AD1C3E6F-9EBB-4A20-9F43-022C4F6FDCDF}.Debug|Any CPU.ActiveCfg = Debug|Any CPU
		{AD1C3E6F-9EBB-4A20-9F43-022C4F6FDCDF}.Debug|Any CPU.Build.0 = Debug|Any CPU
		{AD1C3E6F-9EBB-4A20-9F43-022C4F6FDCDF}.Release|Any CPU.ActiveCfg = Release|Any CPU
		{AD1C3E6F-9EBB-4A20-9F43-022C4F6FDCDF}.Release|Any CPU.Build.0 = Release|Any CPU
		{9AB771B7-F45E-4A8A-ADDC-076A1C6A7E22}.Debug|Any CPU.ActiveCfg = Debug|Any CPU
		{9AB771B7-F45E-4A8A-ADDC-076A1C6A7E22}.Debug|Any CPU.Build.0 = Debug|Any CPU
		{9AB771B7-F45E-4A8A-ADDC-076A1C6A7E22}.Release|Any CPU.ActiveCfg = Release|Any CPU
		{9AB771B7-F45E-4A8A-ADDC-076A1C6A7E22}.Release|Any CPU.Build.0 = Release|Any CPU
		{0C423EA2-D56F-40B7-9DE6-117D437E9B5E}.Debug|Any CPU.ActiveCfg = Debug|Any CPU
		{0C423EA2-D56F-40B7-9DE6-117D437E9B5E}.Debug|Any CPU.Build.0 = Debug|Any CPU
		{0C423EA2-D56F-40B7-9DE6-117D437E9B5E}.Release|Any CPU.ActiveCfg = Release|Any CPU
		{0C423EA2-D56F-40B7-9DE6-117D437E9B5E}.Release|Any CPU.Build.0 = Release|Any CPU
		{C7643EED-F5FC-45A5-A030-9D91780B01C1}.Debug|Any CPU.ActiveCfg = Debug|Any CPU
		{C7643EED-F5FC-45A5-A030-9D91780B01C1}.Debug|Any CPU.Build.0 = Debug|Any CPU
		{C7643EED-F5FC-45A5-A030-9D91780B01C1}.Release|Any CPU.ActiveCfg = Release|Any CPU
		{C7643EED-F5FC-45A5-A030-9D91780B01C1}.Release|Any CPU.Build.0 = Release|Any CPU
	EndGlobalSection
EndGlobal
